
Microsoft Visual Studio Solution File, Format Version 12.00
# Visual Studio Version 17
VisualStudioVersion = 17.8.34309.116
MinimumVisualStudioVersion = 10.0.40219.1
Project("{FAE04EC0-301F-11D3-BF4B-00C04F79EFBC}") = "appFitness", "appFitness\appFitness.csproj", "{188ECE35-3E10-48F9-BFFE-DE9FE602F7B6}"
EndProject
Global
	GlobalSection(SolutionConfigurationPlatforms) = preSolution
		Debug|Any CPU = Debug|Any CPU
		Release|Any CPU = Release|Any CPU
	EndGlobalSection
	GlobalSection(ProjectConfigurationPlatforms) = postSolution
		{188ECE35-3E10-48F9-BFFE-DE9FE602F7B6}.Debug|Any CPU.ActiveCfg = Debug|Any CPU
		{188ECE35-3E10-48F9-BFFE-DE9FE602F7B6}.Debug|Any CPU.Build.0 = Debug|Any CPU
		{188ECE35-3E10-48F9-BFFE-DE9FE602F7B6}.Release|Any CPU.ActiveCfg = Release|Any CPU
		{188ECE35-3E10-48F9-BFFE-DE9FE602F7B6}.Release|Any CPU.Build.0 = Release|Any CPU
	EndGlobalSection
	GlobalSection(SolutionProperties) = preSolution
		HideSolutionNode = FALSE
	EndGlobalSection
	GlobalSection(ExtensibilityGlobals) = postSolution
		SolutionGuid = {94148391-D016-475B-A67F-9C688CBA3EEE}
	EndGlobalSection
EndGlobal
